
Microsoft Visual Studio Solution File, Format Version 12.00
# Visual Studio Version 16
VisualStudioVersion = 16.0.32106.194
MinimumVisualStudioVersion = 10.0.40219.1
Project("{FAE04EC0-301F-11D3-BF4B-00C04F79EFBC}") = "YairPeryMemoryGameNBA", "YairPeryMemoryGameNBA\YairPeryMemoryGameNBA.csproj", "{EAE47F7E-54B2-4B27-9459-F4AB1C47B785}"
EndProject
Global
	GlobalSection(SolutionConfigurationPlatforms) = preSolution
		Debug|Any CPU = Debug|Any CPU
		Release|Any CPU = Release|Any CPU
	EndGlobalSection
	GlobalSection(ProjectConfigurationPlatforms) = postSolution
		{EAE47F7E-54B2-4B27-9459-F4AB1C47B785}.Debug|Any CPU.ActiveCfg = Debug|Any CPU
		{EAE47F7E-54B2-4B27-9459-F4AB1C47B785}.Debug|Any CPU.Build.0 = Debug|Any CPU
		{EAE47F7E-54B2-4B27-9459-F4AB1C47B785}.Release|Any CPU.ActiveCfg = Release|Any CPU
		{EAE47F7E-54B2-4B27-9459-F4AB1C47B785}.Release|Any CPU.Build.0 = Release|Any CPU
	EndGlobalSection
	GlobalSection(SolutionProperties) = preSolution
		HideSolutionNode = FALSE
	EndGlobalSection
	GlobalSection(ExtensibilityGlobals) = postSolution
		SolutionGuid = {29024516-6CC2-4113-BDEC-B3CDFA696401}
	EndGlobalSection
EndGlobal
